// !$*UTF8*$!
{
	archiveVersion = 1;
	classes = {
	};
	objectVersion = 48;
	objects = {

/* Begin PBXBuildFile section */
		46B4B8151FD4B70A0067A37B /* AppDelegate.swift in Sources */ = {isa = PBXBuildFile; fileRef = 46B4B8141FD4B70A0067A37B /* AppDelegate.swift */; };
		46B4B8171FD4B70A0067A37B /* ViewController.swift in Sources */ = {isa = PBXBuildFile; fileRef = 46B4B8161FD4B70A0067A37B /* ViewController.swift */; };
		46B4B81A1FD4B70A0067A37B /* Main.storyboard in Resources */ = {isa = PBXBuildFile; fileRef = 46B4B8181FD4B70A0067A37B /* Main.storyboard */; };
		46B4B81C1FD4B70A0067A37B /* Assets.xcassets in Resources */ = {isa = PBXBuildFile; fileRef = 46B4B81B1FD4B70A0067A37B /* Assets.xcassets */; };
		46B4B81F1FD4B70A0067A37B /* LaunchScreen.storyboard in Resources */ = {isa = PBXBuildFile; fileRef = 46B4B81D1FD4B70A0067A37B /* LaunchScreen.storyboard */; };
		46B4B82A1FD4B70A0067A37B /* SOPA_DreamtimeTests.swift in Sources */ = {isa = PBXBuildFile; fileRef = 46B4B8291FD4B70A0067A37B /* SOPA_DreamtimeTests.swift */; };
		46B4B8351FD4B70A0067A37B /* SOPA_DreamtimeUITests.swift in Sources */ = {isa = PBXBuildFile; fileRef = 46B4B8341FD4B70A0067A37B /* SOPA_DreamtimeUITests.swift */; };
/* End PBXBuildFile section */

/* Begin PBXContainerItemProxy section */
		46B4B8261FD4B70A0067A37B /* PBXContainerItemProxy */ = {
			isa = PBXContainerItemProxy;
			containerPortal = 46B4B8091FD4B70A0067A37B /* Project object */;
			proxyType = 1;
			remoteGlobalIDString = 46B4B8101FD4B70A0067A37B;
			remoteInfo = "SOPA Dreamtime";
		};
		46B4B8311FD4B70A0067A37B /* PBXContainerItemProxy */ = {
			isa = PBXContainerItemProxy;
			containerPortal = 46B4B8091FD4B70A0067A37B /* Project object */;
			proxyType = 1;
			remoteGlobalIDString = 46B4B8101FD4B70A0067A37B;
			remoteInfo = "SOPA Dreamtime";
		};
/* End PBXContainerItemProxy section */

/* Begin PBXFileReference section */
		46B4B8111FD4B70A0067A37B /* SOPA Dreamtime.app */ = {isa = PBXFileReference; explicitFileType = wrapper.application; includeInIndex = 0; path = "SOPA Dreamtime.app"; sourceTree = BUILT_PRODUCTS_DIR; };
		46B4B8141FD4B70A0067A37B /* AppDelegate.swift */ = {isa = PBXFileReference; lastKnownFileType = sourcecode.swift; path = AppDelegate.swift; sourceTree = "<group>"; };
		46B4B8161FD4B70A0067A37B /* ViewController.swift */ = {isa = PBXFileReference; lastKnownFileType = sourcecode.swift; path = ViewController.swift; sourceTree = "<group>"; };
		46B4B8191FD4B70A0067A37B /* Base */ = {isa = PBXFileReference; lastKnownFileType = file.storyboard; name = Base; path = Base.lproj/Main.storyboard; sourceTree = "<group>"; };
		46B4B81B1FD4B70A0067A37B /* Assets.xcassets */ = {isa = PBXFileReference; lastKnownFileType = folder.assetcatalog; path = Assets.xcassets; sourceTree = "<group>"; };
		46B4B81E1FD4B70A0067A37B /* Base */ = {isa = PBXFileReference; lastKnownFileType = file.storyboard; name = Base; path = Base.lproj/LaunchScreen.storyboard; sourceTree = "<group>"; };
		46B4B8201FD4B70A0067A37B /* Info.plist */ = {isa = PBXFileReference; lastKnownFileType = text.plist.xml; path = Info.plist; sourceTree = "<group>"; };
		46B4B8251FD4B70A0067A37B /* SOPA DreamtimeTests.xctest */ = {isa = PBXFileReference; explicitFileType = wrapper.cfbundle; includeInIndex = 0; path = "SOPA DreamtimeTests.xctest"; sourceTree = BUILT_PRODUCTS_DIR; };
		46B4B8291FD4B70A0067A37B /* SOPA_DreamtimeTests.swift */ = {isa = PBXFileReference; lastKnownFileType = sourcecode.swift; path = SOPA_DreamtimeTests.swift; sourceTree = "<group>"; };
		46B4B82B1FD4B70A0067A37B /* Info.plist */ = {isa = PBXFileReference; lastKnownFileType = text.plist.xml; path = Info.plist; sourceTree = "<group>"; };
		46B4B8301FD4B70A0067A37B /* SOPA DreamtimeUITests.xctest */ = {isa = PBXFileReference; explicitFileType = wrapper.cfbundle; includeInIndex = 0; path = "SOPA DreamtimeUITests.xctest"; sourceTree = BUILT_PRODUCTS_DIR; };
		46B4B8341FD4B70A0067A37B /* SOPA_DreamtimeUITests.swift */ = {isa = PBXFileReference; lastKnownFileType = sourcecode.swift; path = SOPA_DreamtimeUITests.swift; sourceTree = "<group>"; };
		46B4B8361FD4B70A0067A37B /* Info.plist */ = {isa = PBXFileReference; lastKnownFileType = text.plist.xml; path = Info.plist; sourceTree = "<group>"; };
/* End PBXFileReference section */

/* Begin PBXFrameworksBuildPhase section */
		46B4B80E1FD4B70A0067A37B /* Frameworks */ = {
			isa = PBXFrameworksBuildPhase;
			buildActionMask = 2147483647;
			files = (
			);
			runOnlyForDeploymentPostprocessing = 0;
		};
		46B4B8221FD4B70A0067A37B /* Frameworks */ = {
			isa = PBXFrameworksBuildPhase;
			buildActionMask = 2147483647;
			files = (
			);
			runOnlyForDeploymentPostprocessing = 0;
		};
		46B4B82D1FD4B70A0067A37B /* Frameworks */ = {
			isa = PBXFrameworksBuildPhase;
			buildActionMask = 2147483647;
			files = (
			);
			runOnlyForDeploymentPostprocessing = 0;
		};
/* End PBXFrameworksBuildPhase section */

/* Begin PBXGroup section */
		46B4B8081FD4B70A0067A37B = {
			isa = PBXGroup;
			children = (
				46B4B8131FD4B70A0067A37B /* SOPA Dreamtime */,
				46B4B8281FD4B70A0067A37B /* SOPA DreamtimeTests */,
				46B4B8331FD4B70A0067A37B /* SOPA DreamtimeUITests */,
				46B4B8121FD4B70A0067A37B /* Products */,
			);
			sourceTree = "<group>";
		};
		46B4B8121FD4B70A0067A37B /* Products */ = {
			isa = PBXGroup;
			children = (
				46B4B8111FD4B70A0067A37B /* SOPA Dreamtime.app */,
				46B4B8251FD4B70A0067A37B /* SOPA DreamtimeTests.xctest */,
				46B4B8301FD4B70A0067A37B /* SOPA DreamtimeUITests.xctest */,
			);
			name = Products;
			sourceTree = "<group>";
		};
		46B4B8131FD4B70A0067A37B /* SOPA Dreamtime */ = {
			isa = PBXGroup;
			children = (
				46B4B8141FD4B70A0067A37B /* AppDelegate.swift */,
				46B4B8161FD4B70A0067A37B /* ViewController.swift */,
				46B4B8181FD4B70A0067A37B /* Main.storyboard */,
				46B4B81B1FD4B70A0067A37B /* Assets.xcassets */,
				46B4B81D1FD4B70A0067A37B /* LaunchScreen.storyboard */,
				46B4B8201FD4B70A0067A37B /* Info.plist */,
			);
			path = "SOPA Dreamtime";
			sourceTree = "<group>";
		};
		46B4B8281FD4B70A0067A37B /* SOPA DreamtimeTests */ = {
			isa = PBXGroup;
			children = (
				46B4B8291FD4B70A0067A37B /* SOPA_DreamtimeTests.swift */,
				46B4B82B1FD4B70A0067A37B /* Info.plist */,
			);
			path = "SOPA DreamtimeTests";
			sourceTree = "<group>";
		};
		46B4B8331FD4B70A0067A37B /* SOPA DreamtimeUITests */ = {
			isa = PBXGroup;
			children = (
				46B4B8341FD4B70A0067A37B /* SOPA_DreamtimeUITests.swift */,
				46B4B8361FD4B70A0067A37B /* Info.plist */,
			);
			path = "SOPA DreamtimeUITests";
			sourceTree = "<group>";
		};
/* End PBXGroup section */

/* Begin PBXNativeTarget section */
		46B4B8101FD4B70A0067A37B /* SOPA Dreamtime */ = {
			isa = PBXNativeTarget;
			buildConfigurationList = 46B4B8391FD4B70A0067A37B /* Build configuration list for PBXNativeTarget "SOPA Dreamtime" */;
			buildPhases = (
				46B4B80D1FD4B70A0067A37B /* Sources */,
				46B4B80E1FD4B70A0067A37B /* Frameworks */,
				46B4B80F1FD4B70A0067A37B /* Resources */,
			);
			buildRules = (
			);
			dependencies = (
			);
			name = "SOPA Dreamtime";
			productName = "SOPA Dreamtime";
			productReference = 46B4B8111FD4B70A0067A37B /* SOPA Dreamtime.app */;
			productType = "com.apple.product-type.application";
		};
		46B4B8241FD4B70A0067A37B /* SOPA DreamtimeTests */ = {
			isa = PBXNativeTarget;
			buildConfigurationList = 46B4B83C1FD4B70A0067A37B /* Build configuration list for PBXNativeTarget "SOPA DreamtimeTests" */;
			buildPhases = (
				46B4B8211FD4B70A0067A37B /* Sources */,
				46B4B8221FD4B70A0067A37B /* Frameworks */,
				46B4B8231FD4B70A0067A37B /* Resources */,
			);
			buildRules = (
			);
			dependencies = (
				46B4B8271FD4B70A0067A37B /* PBXTargetDependency */,
			);
			name = "SOPA DreamtimeTests";
			productName = "SOPA DreamtimeTests";
			productReference = 46B4B8251FD4B70A0067A37B /* SOPA DreamtimeTests.xctest */;
			productType = "com.apple.product-type.bundle.unit-test";
		};
		46B4B82F1FD4B70A0067A37B /* SOPA DreamtimeUITests */ = {
			isa = PBXNativeTarget;
			buildConfigurationList = 46B4B83F1FD4B70A0067A37B /* Build configuration list for PBXNativeTarget "SOPA DreamtimeUITests" */;
			buildPhases = (
				46B4B82C1FD4B70A0067A37B /* Sources */,
				46B4B82D1FD4B70A0067A37B /* Frameworks */,
				46B4B82E1FD4B70A0067A37B /* Resources */,
			);
			buildRules = (
			);
			dependencies = (
				46B4B8321FD4B70A0067A37B /* PBXTargetDependency */,
			);
			name = "SOPA DreamtimeUITests";
			productName = "SOPA DreamtimeUITests";
			productReference = 46B4B8301FD4B70A0067A37B /* SOPA DreamtimeUITests.xctest */;
			productType = "com.apple.product-type.bundle.ui-testing";
		};
/* End PBXNativeTarget section */

/* Begin PBXProject section */
		46B4B8091FD4B70A0067A37B /* Project object */ = {
			isa = PBXProject;
			attributes = {
				LastSwiftUpdateCheck = 0910;
				LastUpgradeCheck = 0910;
				ORGANIZATIONNAME = "Harry McEvoy";
				TargetAttributes = {
					46B4B8101FD4B70A0067A37B = {
						CreatedOnToolsVersion = 9.1;
						ProvisioningStyle = Automatic;
					};
					46B4B8241FD4B70A0067A37B = {
						CreatedOnToolsVersion = 9.1;
						ProvisioningStyle = Automatic;
						TestTargetID = 46B4B8101FD4B70A0067A37B;
					};
					46B4B82F1FD4B70A0067A37B = {
						CreatedOnToolsVersion = 9.1;
						ProvisioningStyle = Automatic;
						TestTargetID = 46B4B8101FD4B70A0067A37B;
					};
				};
			};
			buildConfigurationList = 46B4B80C1FD4B70A0067A37B /* Build configuration list for PBXProject "SOPA Dreamtime" */;
			compatibilityVersion = "Xcode 8.0";
			developmentRegion = en;
			hasScannedForEncodings = 0;
			knownRegions = (
				en,
				Base,
			);
			mainGroup = 46B4B8081FD4B70A0067A37B;
			productRefGroup = 46B4B8121FD4B70A0067A37B /* Products */;
			projectDirPath = "";
			projectRoot = "";
			targets = (
				46B4B8101FD4B70A0067A37B /* SOPA Dreamtime */,
				46B4B8241FD4B70A0067A37B /* SOPA DreamtimeTests */,
				46B4B82F1FD4B70A0067A37B /* SOPA DreamtimeUITests */,
			);
		};
/* End PBXProject section */

/* Begin PBXResourcesBuildPhase section */
		46B4B80F1FD4B70A0067A37B /* Resources */ = {
			isa = PBXResourcesBuildPhase;
			buildActionMask = 2147483647;
			files = (
				46B4B81F1FD4B70A0067A37B /* LaunchScreen.storyboard in Resources */,
				46B4B81C1FD4B70A0067A37B /* Assets.xcassets in Resources */,
				46B4B81A1FD4B70A0067A37B /* Main.storyboard in Resources */,
			);
			runOnlyForDeploymentPostprocessing = 0;
		};
		46B4B8231FD4B70A0067A37B /* Resources */ = {
			isa = PBXResourcesBuildPhase;
			buildActionMask = 2147483647;
			files = (
			);
			runOnlyForDeploymentPostprocessing = 0;
		};
		46B4B82E1FD4B70A0067A37B /* Resources */ = {
			isa = PBXResourcesBuildPhase;
			buildActionMask = 2147483647;
			files = (
			);
			runOnlyForDeploymentPostprocessing = 0;
		};
/* End PBXResourcesBuildPhase section */

/* Begin PBXSourcesBuildPhase section */
		46B4B80D1FD4B70A0067A37B /* Sources */ = {
			isa = PBXSourcesBuildPhase;
			buildActionMask = 2147483647;
			files = (
				46B4B8171FD4B70A0067A37B /* ViewController.swift in Sources */,
				46B4B8151FD4B70A0067A37B /* AppDelegate.swift in Sources */,
			);
			runOnlyForDeploymentPostprocessing = 0;
		};
		46B4B8211FD4B70A0067A37B /* Sources */ = {
			isa = PBXSourcesBuildPhase;
			buildActionMask = 2147483647;
			files = (
				46B4B82A1FD4B70A0067A37B /* SOPA_DreamtimeTests.swift in Sources */,
			);
			runOnlyForDeploymentPostprocessing = 0;
		};
		46B4B82C1FD4B70A0067A37B /* Sources */ = {
			isa = PBXSourcesBuildPhase;
			buildActionMask = 2147483647;
			files = (
				46B4B8351FD4B70A0067A37B /* SOPA_DreamtimeUITests.swift in Sources */,
			);
			runOnlyForDeploymentPostprocessing = 0;
		};
/* End PBXSourcesBuildPhase section */

/* Begin PBXTargetDependency section */
		46B4B8271FD4B70A0067A37B /* PBXTargetDependency */ = {
			isa = PBXTargetDependency;
			target = 46B4B8101FD4B70A0067A37B /* SOPA Dreamtime */;
			targetProxy = 46B4B8261FD4B70A0067A37B /* PBXContainerItemProxy */;
		};
		46B4B8321FD4B70A0067A37B /* PBXTargetDependency */ = {
			isa = PBXTargetDependency;
			target = 46B4B8101FD4B70A0067A37B /* SOPA Dreamtime */;
			targetProxy = 46B4B8311FD4B70A0067A37B /* PBXContainerItemProxy */;
		};
/* End PBXTargetDependency section */

/* Begin PBXVariantGroup section */
		46B4B8181FD4B70A0067A37B /* Main.storyboard */ = {
			isa = PBXVariantGroup;
			children = (
				46B4B8191FD4B70A0067A37B /* Base */,
			);
			name = Main.storyboard;
			sourceTree = "<group>";
		};
		46B4B81D1FD4B70A0067A37B /* LaunchScreen.storyboard */ = {
			isa = PBXVariantGroup;
			children = (
				46B4B81E1FD4B70A0067A37B /* Base */,
			);
			name = LaunchScreen.storyboard;
			sourceTree = "<group>";
		};
/* End PBXVariantGroup section */

/* Begin XCBuildConfiguration section */
		46B4B8371FD4B70A0067A37B /* Debug */ = {
			isa = XCBuildConfiguration;
			buildSettings = {
				ALWAYS_SEARCH_USER_PATHS = NO;
				CLANG_ANALYZER_NONNULL = YES;
				CLANG_ANALYZER_NUMBER_OBJECT_CONVERSION = YES_AGGRESSIVE;
				CLANG_CXX_LANGUAGE_STANDARD = "gnu++14";
				CLANG_CXX_LIBRARY = "libc++";
				CLANG_ENABLE_MODULES = YES;
				CLANG_ENABLE_OBJC_ARC = YES;
				CLANG_WARN_BLOCK_CAPTURE_AUTORELEASING = YES;
				CLANG_WARN_BOOL_CONVERSION = YES;
				CLANG_WARN_COMMA = YES;
				CLANG_WARN_CONSTANT_CONVERSION = YES;
				CLANG_WARN_DIRECT_OBJC_ISA_USAGE = YES_ERROR;
				CLANG_WARN_DOCUMENTATION_COMMENTS = YES;
				CLANG_WARN_EMPTY_BODY = YES;
				CLANG_WARN_ENUM_CONVERSION = YES;
				CLANG_WARN_INFINITE_RECURSION = YES;
				CLANG_WARN_INT_CONVERSION = YES;
				CLANG_WARN_NON_LITERAL_NULL_CONVERSION = YES;
				CLANG_WARN_OBJC_LITERAL_CONVERSION = YES;
				CLANG_WARN_OBJC_ROOT_CLASS = YES_ERROR;
				CLANG_WARN_RANGE_LOOP_ANALYSIS = YES;
				CLANG_WARN_STRICT_PROTOTYPES = YES;
				CLANG_WARN_SUSPICIOUS_MOVE = YES;
				CLANG_WARN_UNGUARDED_AVAILABILITY = YES_AGGRESSIVE;
				CLANG_WARN_UNREACHABLE_CODE = YES;
				CLANG_WARN__DUPLICATE_METHOD_MATCH = YES;
				CODE_SIGN_IDENTITY = "iPhone Developer";
				COPY_PHASE_STRIP = NO;
				DEBUG_INFORMATION_FORMAT = dwarf;
				ENABLE_STRICT_OBJC_MSGSEND = YES;
				ENABLE_TESTABILITY = YES;
				GCC_C_LANGUAGE_STANDARD = gnu11;
				GCC_DYNAMIC_NO_PIC = NO;
				GCC_NO_COMMON_BLOCKS = YES;
				GCC_OPTIMIZATION_LEVEL = 0;
				GCC_PREPROCESSOR_DEFINITIONS = (
					"DEBUG=1",
					"$(inherited)",
				);
				GCC_WARN_64_TO_32_BIT_CONVERSION = YES;
				GCC_WARN_ABOUT_RETURN_TYPE = YES_ERROR;
				GCC_WARN_UNDECLARED_SELECTOR = YES;
				GCC_WARN_UNINITIALIZED_AUTOS = YES_AGGRESSIVE;
				GCC_WARN_UNUSED_FUNCTION = YES;
				GCC_WARN_UNUSED_VARIABLE = YES;
				IPHONEOS_DEPLOYMENT_TARGET = 11.1;
				MTL_ENABLE_DEBUG_INFO = YES;
				ONLY_ACTIVE_ARCH = YES;
				SDKROOT = iphoneos;
				SWIFT_ACTIVE_COMPILATION_CONDITIONS = DEBUG;
				SWIFT_OPTIMIZATION_LEVEL = "-Onone";
			};
			name = Debug;
		};
		46B4B8381FD4B70A0067A37B /* Release */ = {
			isa = XCBuildConfiguration;
			buildSettings = {
				ALWAYS_SEARCH_USER_PATHS = NO;
				CLANG_ANALYZER_NONNULL = YES;
				CLANG_ANALYZER_NUMBER_OBJECT_CONVERSION = YES_AGGRESSIVE;
				CLANG_CXX_LANGUAGE_STANDARD = "gnu++14";
				CLANG_CXX_LIBRARY = "libc++";
				CLANG_ENABLE_MODULES = YES;
				CLANG_ENABLE_OBJC_ARC = YES;
				CLANG_WARN_BLOCK_CAPTURE_AUTORELEASING = YES;
				CLANG_WARN_BOOL_CONVERSION = YES;
				CLANG_WARN_COMMA = YES;
				CLANG_WARN_CONSTANT_CONVERSION = YES;
				CLANG_WARN_DIRECT_OBJC_ISA_USAGE = YES_ERROR;
				CLANG_WARN_DOCUMENTATION_COMMENTS = YES;
				CLANG_WARN_EMPTY_BODY = YES;
				CLANG_WARN_ENUM_CONVERSION = YES;
				CLANG_WARN_INFINITE_RECURSION = YES;
				CLANG_WARN_INT_CONVERSION = YES;
				CLANG_WARN_NON_LITERAL_NULL_CONVERSION = YES;
				CLANG_WARN_OBJC_LITERAL_CONVERSION = YES;
				CLANG_WARN_OBJC_ROOT_CLASS = YES_ERROR;
				CLANG_WARN_RANGE_LOOP_ANALYSIS = YES;
				CLANG_WARN_STRICT_PROTOTYPES = YES;
				CLANG_WARN_SUSPICIOUS_MOVE = YES;
				CLANG_WARN_UNGUARDED_AVAILABILITY = YES_AGGRESSIVE;
				CLANG_WARN_UNREACHABLE_CODE = YES;
				CLANG_WARN__DUPLICATE_METHOD_MATCH = YES;
				CODE_SIGN_IDENTITY = "iPhone Developer";
				COPY_PHASE_STRIP = NO;
				DEBUG_INFORMATION_FORMAT = "dwarf-with-dsym";
				ENABLE_NS_ASSERTIONS = NO;
				ENABLE_STRICT_OBJC_MSGSEND = YES;
				GCC_C_LANGUAGE_STANDARD = gnu11;
				GCC_NO_COMMON_BLOCKS = YES;
				GCC_WARN_64_TO_32_BIT_CONVERSION = YES;
				GCC_WARN_ABOUT_RETURN_TYPE = YES_ERROR;
				GCC_WARN_UNDECLARED_SELECTOR = YES;
				GCC_WARN_UNINITIALIZED_AUTOS = YES_AGGRESSIVE;
				GCC_WARN_UNUSED_FUNCTION = YES;
				GCC_WARN_UNUSED_VARIABLE = YES;
				IPHONEOS_DEPLOYMENT_TARGET = 11.1;
				MTL_ENABLE_DEBUG_INFO = NO;
				SDKROOT = iphoneos;
				SWIFT_OPTIMIZATION_LEVEL = "-Owholemodule";
				VALIDATE_PRODUCT = YES;
			};
			name = Release;
		};
		46B4B83A1FD4B70A0067A37B /* Debug */ = {
			isa = XCBuildConfiguration;
			buildSettings = {
				ASSETCATALOG_COMPILER_APPICON_NAME = AppIcon;
				CODE_SIGN_STYLE = Automatic;
				DEVELOPMENT_TEAM = 6X8KNPJGBV;
				INFOPLIST_FILE = "SOPA Dreamtime/Info.plist";
				LD_RUNPATH_SEARCH_PATHS = "$(inherited) @executable_path/Frameworks";
				PRODUCT_BUNDLE_IDENTIFIER = "jmr.SOPA-Dreamtime";
				PRODUCT_NAME = "$(TARGET_NAME)";
				SWIFT_VERSION = 4.0;
				TARGETED_DEVICE_FAMILY = "1,2";
			};
			name = Debug;
		};
		46B4B83B1FD4B70A0067A37B /* Release */ = {
			isa = XCBuildConfiguration;
			buildSettings = {
				ASSETCATALOG_COMPILER_APPICON_NAME = AppIcon;
				CODE_SIGN_STYLE = Automatic;
				DEVELOPMENT_TEAM = 6X8KNPJGBV;
				INFOPLIST_FILE = "SOPA Dreamtime/Info.plist";
				LD_RUNPATH_SEARCH_PATHS = "$(inherited) @executable_path/Frameworks";
				PRODUCT_BUNDLE_IDENTIFIER = "jmr.SOPA-Dreamtime";
				PRODUCT_NAME = "$(TARGET_NAME)";
				SWIFT_VERSION = 4.0;
				TARGETED_DEVICE_FAMILY = "1,2";
			};
			name = Release;
		};
		46B4B83D1FD4B70A0067A37B /* Debug */ = {
			isa = XCBuildConfiguration;
			buildSettings = {
				ALWAYS_EMBED_SWIFT_STANDARD_LIBRARIES = YES;
				BUNDLE_LOADER = "$(TEST_HOST)";
				CODE_SIGN_STYLE = Automatic;
				DEVELOPMENT_TEAM = 6X8KNPJGBV;
				INFOPLIST_FILE = "SOPA DreamtimeTests/Info.plist";
				LD_RUNPATH_SEARCH_PATHS = "$(inherited) @executable_path/Frameworks @loader_path/Frameworks";
				PRODUCT_BUNDLE_IDENTIFIER = "jmr.SOPA-DreamtimeTests";
				PRODUCT_NAME = "$(TARGET_NAME)";
				SWIFT_VERSION = 4.0;
				TARGETED_DEVICE_FAMILY = "1,2";
				TEST_HOST = "$(BUILT_PRODUCTS_DIR)/SOPA Dreamtime.app/SOPA Dreamtime";
			};
			name = Debug;
		};
		46B4B83E1FD4B70A0067A37B /* Release */ = {
			isa = XCBuildConfiguration;
			buildSettings = {
				ALWAYS_EMBED_SWIFT_STANDARD_LIBRARIES = YES;
				BUNDLE_LOADER = "$(TEST_HOST)";
				CODE_SIGN_STYLE = Automatic;
				DEVELOPMENT_TEAM = 6X8KNPJGBV;
				INFOPLIST_FILE = "SOPA DreamtimeTests/Info.plist";
				LD_RUNPATH_SEARCH_PATHS = "$(inherited) @executable_path/Frameworks @loader_path/Frameworks";
				PRODUCT_BUNDLE_IDENTIFIER = "jmr.SOPA-DreamtimeTests";
				PRODUCT_NAME = "$(TARGET_NAME)";
				SWIFT_VERSION = 4.0;
				TARGETED_DEVICE_FAMILY = "1,2";
				TEST_HOST = "$(BUILT_PRODUCTS_DIR)/SOPA Dreamtime.app/SOPA Dreamtime";
			};
			name = Release;
		};
		46B4B8401FD4B70A0067A37B /* Debug */ = {
			isa = XCBuildConfiguration;
			buildSettings = {
				ALWAYS_EMBED_SWIFT_STANDARD_LIBRARIES = YES;
				CODE_SIGN_STYLE = Automatic;
				DEVELOPMENT_TEAM = 6X8KNPJGBV;
				INFOPLIST_FILE = "SOPA DreamtimeUITests/Info.plist";
				LD_RUNPATH_SEARCH_PATHS = "$(inherited) @executable_path/Frameworks @loader_path/Frameworks";
				PRODUCT_BUNDLE_IDENTIFIER = "jmr.SOPA-DreamtimeUITests";
				PRODUCT_NAME = "$(TARGET_NAME)";
				SWIFT_VERSION = 4.0;
				TARGETED_DEVICE_FAMILY = "1,2";
				TEST_TARGET_NAME = "SOPA Dreamtime";
			};
			name = Debug;
		};
		46B4B8411FD4B70A0067A37B /* Release */ = {
			isa = XCBuildConfiguration;
			buildSettings = {
				ALWAYS_EMBED_SWIFT_STANDARD_LIBRARIES = YES;
				CODE_SIGN_STYLE = Automatic;
				DEVELOPMENT_TEAM = 6X8KNPJGBV;
				INFOPLIST_FILE = "SOPA DreamtimeUITests/Info.plist";
				LD_RUNPATH_SEARCH_PATHS = "$(inherited) @executable_path/Frameworks @loader_path/Frameworks";
				PRODUCT_BUNDLE_IDENTIFIER = "jmr.SOPA-DreamtimeUITests";
				PRODUCT_NAME = "$(TARGET_NAME)";
				SWIFT_VERSION = 4.0;
				TARGETED_DEVICE_FAMILY = "1,2";
				TEST_TARGET_NAME = "SOPA Dreamtime";
			};
			name = Release;
		};
/* End XCBuildConfiguration section */

/* Begin XCConfigurationList section */
		46B4B80C1FD4B70A0067A37B /* Build configuration list for PBXProject "SOPA Dreamtime" */ = {
			isa = XCConfigurationList;
			buildConfigurations = (
				46B4B8371FD4B70A0067A37B /* Debug */,
				46B4B8381FD4B70A0067A37B /* Release */,
			);
			defaultConfigurationIsVisible = 0;
			defaultConfigurationName = Release;
		};
		46B4B8391FD4B70A0067A37B /* Build configuration list for PBXNativeTarget "SOPA Dreamtime" */ = {
			isa = XCConfigurationList;
			buildConfigurations = (
				46B4B83A1FD4B70A0067A37B /* Debug */,
				46B4B83B1FD4B70A0067A37B /* Release */,
			);
			defaultConfigurationIsVisible = 0;
			defaultConfigurationName = Release;
		};
		46B4B83C1FD4B70A0067A37B /* Build configuration list for PBXNativeTarget "SOPA DreamtimeTests" */ = {
			isa = XCConfigurationList;
			buildConfigurations = (
				46B4B83D1FD4B70A0067A37B /* Debug */,
				46B4B83E1FD4B70A0067A37B /* Release */,
			);
			defaultConfigurationIsVisible = 0;
			defaultConfigurationName = Release;
		};
		46B4B83F1FD4B70A0067A37B /* Build configuration list for PBXNativeTarget "SOPA DreamtimeUITests" */ = {
			isa = XCConfigurationList;
			buildConfigurations = (
				46B4B8401FD4B70A0067A37B /* Debug */,
				46B4B8411FD4B70A0067A37B /* Release */,
			);
			defaultConfigurationIsVisible = 0;
			defaultConfigurationName = Release;
		};
/* End XCConfigurationList section */
	};
	rootObject = 46B4B8091FD4B70A0067A37B /* Project object */;
}
